PODS:
  - RxRelay (5.0.0):
    - RxSwift (~> 5)
  - RxSwift (5.0.0)

DEPENDENCIES:
  - RxRelay (~> 5)
  - RxSwift (~> 5)

SPEC REPOS:
  https://github.com/cocoapods/specs.git:
    - RxRelay
    - RxSwift

SPEC CHECKSUMS:
  RxRelay: 4f7409406a51a55cd88483f21ed898c234d60f18
  RxSwift: 8b0671caa829a763bbce7271095859121cbd895f

PODFILE CHECKSUM: 8ec4017f3ab5818926c923935f4142ab243c209f

COCOAPODS: 1.7.5
