// !$*UTF8*$!
{
	archiveVersion = 1;
	classes = {
	};
	objectVersion = 51;
	objects = {

/* Begin PBXBuildFile section */
		91008F322307A4CD00AA2135 /* Copyright.txt in Resources */ = {isa = PBXBuildFile; fileRef = 91008F312307A4CD00AA2135 /* Copyright.txt */; };
		913FA269230796B500A6337D /* AppDelegate.swift in Sources */ = {isa = PBXBuildFile; fileRef = 913FA268230796B500A6337D /* AppDelegate.swift */; };
		913FA26B230796B500A6337D /* ViewController.swift in Sources */ = {isa = PBXBuildFile; fileRef = 913FA26A230796B500A6337D /* ViewController.swift */; };
		913FA26E230796B500A6337D /* Main.storyboard in Resources */ = {isa = PBXBuildFile; fileRef = 913FA26C230796B500A6337D /* Main.storyboard */; };
		913FA270230796B600A6337D /* Assets.xcassets in Resources */ = {isa = PBXBuildFile; fileRef = 913FA26F230796B600A6337D /* Assets.xcassets */; };
		913FA273230796B600A6337D /* LaunchScreen.storyboard in Resources */ = {isa = PBXBuildFile; fileRef = 913FA271230796B600A6337D /* LaunchScreen.storyboard */; };
		F0ADBB20CDACF088B1DE2780 /* Pods_my_rxSwift.framework in Frameworks */ = {isa = PBXBuildFile; fileRef = F182D93CAB1D72DF06C051F7 /* Pods_my_rxSwift.framework */; };
/* End PBXBuildFile section */

/* Begin PBXFileReference section */
		73155CF9D70B5A59BA4FE0E4 /* Pods-my rxSwift.debug.xcconfig */ = {isa = PBXFileReference; includeInIndex = 1; lastKnownFileType = text.xcconfig; name = "Pods-my rxSwift.debug.xcconfig"; path = "Target Support Files/Pods-my rxSwift/Pods-my rxSwift.debug.xcconfig"; sourceTree = "<group>"; };
		91008F312307A4CD00AA2135 /* Copyright.txt */ = {isa = PBXFileReference; fileEncoding = 4; lastKnownFileType = text; path = Copyright.txt; sourceTree = "<group>"; };
		913FA265230796B500A6337D /* my rxSwift.app */ = {isa = PBXFileReference; explicitFileType = wrapper.application; includeInIndex = 0; path = "my rxSwift.app"; sourceTree = BUILT_PRODUCTS_DIR; };
		913FA268230796B500A6337D /* AppDelegate.swift */ = {isa = PBXFileReference; lastKnownFileType = sourcecode.swift; path = AppDelegate.swift; sourceTree = "<group>"; };
		913FA26A230796B500A6337D /* ViewController.swift */ = {isa = PBXFileReference; lastKnownFileType = sourcecode.swift; path = ViewController.swift; sourceTree = "<group>"; };
		913FA26D230796B500A6337D /* Base */ = {isa = PBXFileReference; lastKnownFileType = file.storyboard; name = Base; path = Base.lproj/Main.storyboard; sourceTree = "<group>"; };
		913FA26F230796B600A6337D /* Assets.xcassets */ = {isa = PBXFileReference; lastKnownFileType = folder.assetcatalog; path = Assets.xcassets; sourceTree = "<group>"; };
		913FA272230796B600A6337D /* Base */ = {isa = PBXFileReference; lastKnownFileType = file.storyboard; name = Base; path = Base.lproj/LaunchScreen.storyboard; sourceTree = "<group>"; };
		913FA274230796B600A6337D /* Info.plist */ = {isa = PBXFileReference; lastKnownFileType = text.plist.xml; path = Info.plist; sourceTree = "<group>"; };
		E23C5E017FE5CDD1CB703F6B /* Pods-my rxSwift.release.xcconfig */ = {isa = PBXFileReference; includeInIndex = 1; lastKnownFileType = text.xcconfig; name = "Pods-my rxSwift.release.xcconfig"; path = "Target Support Files/Pods-my rxSwift/Pods-my rxSwift.release.xcconfig"; sourceTree = "<group>"; };
		F182D93CAB1D72DF06C051F7 /* Pods_my_rxSwift.framework */ = {isa = PBXFileReference; explicitFileType = wrapper.framework; includeInIndex = 0; path = Pods_my_rxSwift.framework; sourceTree = BUILT_PRODUCTS_DIR; };
/* End PBXFileReference section */

/* Begin PBXFrameworksBuildPhase section */
		913FA262230796B500A6337D /* Frameworks */ = {
			isa = PBXFrameworksBuildPhase;
			buildActionMask = 2147483647;
			files = (
				F0ADBB20CDACF088B1DE2780 /* Pods_my_rxSwift.framework in Frameworks */,
			);
			runOnlyForDeploymentPostprocessing = 0;
		};
/* End PBXFrameworksBuildPhase section */

/* Begin PBXGroup section */
		181302D8C32F72008D7574BC /* Pods */ = {
			isa = PBXGroup;
			children = (
				73155CF9D70B5A59BA4FE0E4 /* Pods-my rxSwift.debug.xcconfig */,
				E23C5E017FE5CDD1CB703F6B /* Pods-my rxSwift.release.xcconfig */,
			);
			path = Pods;
			sourceTree = "<group>";
		};
		1F81BA89F74CFD43C794B3A6 /* Frameworks */ = {
			isa = PBXGroup;
			children = (
				F182D93CAB1D72DF06C051F7 /* Pods_my_rxSwift.framework */,
			);
			name = Frameworks;
			sourceTree = "<group>";
		};
		913FA25C230796B400A6337D = {
			isa = PBXGroup;
			children = (
				913FA267230796B500A6337D /* my rxSwift */,
				913FA266230796B500A6337D /* Products */,
				181302D8C32F72008D7574BC /* Pods */,
				1F81BA89F74CFD43C794B3A6 /* Frameworks */,
			);
			sourceTree = "<group>";
		};
		913FA266230796B500A6337D /* Products */ = {
			isa = PBXGroup;
			children = (
				913FA265230796B500A6337D /* my rxSwift.app */,
			);
			name = Products;
			sourceTree = "<group>";
		};
		913FA267230796B500A6337D /* my rxSwift */ = {
			isa = PBXGroup;
			children = (
				913FA268230796B500A6337D /* AppDelegate.swift */,
				913FA26A230796B500A6337D /* ViewController.swift */,
				913FA26C230796B500A6337D /* Main.storyboard */,
				913FA26F230796B600A6337D /* Assets.xcassets */,
				913FA271230796B600A6337D /* LaunchScreen.storyboard */,
				91008F312307A4CD00AA2135 /* Copyright.txt */,
				913FA274230796B600A6337D /* Info.plist */,
			);
			path = "my rxSwift";
			sourceTree = "<group>";
		};
/* End PBXGroup section */

/* Begin PBXNativeTarget section */
		913FA264230796B500A6337D /* my rxSwift */ = {
			isa = PBXNativeTarget;
			buildConfigurationList = 913FA277230796B600A6337D /* Build configuration list for PBXNativeTarget "my rxSwift" */;
			buildPhases = (
				A488C921ABC262BB2F668135 /* [CP] Check Pods Manifest.lock */,
				913FA261230796B500A6337D /* Sources */,
				913FA262230796B500A6337D /* Frameworks */,
				913FA263230796B500A6337D /* Resources */,
				93959EA7208D8B060B665EE3 /* [CP] Embed Pods Frameworks */,
			);
			buildRules = (
			);
			dependencies = (
			);
			name = "my rxSwift";
			productName = "my rxSwift";
			productReference = 913FA265230796B500A6337D /* my rxSwift.app */;
			productType = "com.apple.product-type.application";
		};
/* End PBXNativeTarget section */

/* Begin PBXProject section */
		913FA25D230796B400A6337D /* Project object */ = {
			isa = PBXProject;
			attributes = {
				LastSwiftUpdateCheck = 1030;
				LastUpgradeCheck = 1030;
				ORGANIZATIONNAME = Yongwoo;
				TargetAttributes = {
					913FA264230796B500A6337D = {
						CreatedOnToolsVersion = 10.3;
					};
				};
			};
			buildConfigurationList = 913FA260230796B500A6337D /* Build configuration list for PBXProject "my rxSwift" */;
			compatibilityVersion = "Xcode 9.3";
			developmentRegion = en;
			hasScannedForEncodings = 0;
			knownRegions = (
				en,
				Base,
			);
			mainGroup = 913FA25C230796B400A6337D;
			productRefGroup = 913FA266230796B500A6337D /* Products */;
			projectDirPath = "";
			projectRoot = "";
			targets = (
				913FA264230796B500A6337D /* my rxSwift */,
			);
		};
/* End PBXProject section */

/* Begin PBXResourcesBuildPhase section */
		913FA263230796B500A6337D /* Resources */ = {
			isa = PBXResourcesBuildPhase;
			buildActionMask = 2147483647;
			files = (
				91008F322307A4CD00AA2135 /* Copyright.txt in Resources */,
				913FA273230796B600A6337D /* LaunchScreen.storyboard in Resources */,
				913FA270230796B600A6337D /* Assets.xcassets in Resources */,
				913FA26E230796B500A6337D /* Main.storyboard in Resources */,
			);
			runOnlyForDeploymentPostprocessing = 0;
		};
/* End PBXResourcesBuildPhase section */

/* Begin PBXShellScriptBuildPhase section */
		93959EA7208D8B060B665EE3 /* [CP] Embed Pods Frameworks */ = {
			isa = PBXShellScriptBuildPhase;
			buildActionMask = 2147483647;
			files = (
			);
			inputFileListPaths = (
				"${PODS_ROOT}/Target Support Files/Pods-my rxSwift/Pods-my rxSwift-frameworks-${CONFIGURATION}-input-files.xcfilelist",
			);
			name = "[CP] Embed Pods Frameworks";
			outputFileListPaths = (
				"${PODS_ROOT}/Target Support Files/Pods-my rxSwift/Pods-my rxSwift-frameworks-${CONFIGURATION}-output-files.xcfilelist",
			);
			runOnlyForDeploymentPostprocessing = 0;
			shellPath = /bin/sh;
			shellScript = "\"${PODS_ROOT}/Target Support Files/Pods-my rxSwift/Pods-my rxSwift-frameworks.sh\"\n";
			showEnvVarsInLog = 0;
		};
		A488C921ABC262BB2F668135 /* [CP] Check Pods Manifest.lock */ = {
			isa = PBXShellScriptBuildPhase;
			buildActionMask = 2147483647;
			files = (
			);
			inputFileListPaths = (
			);
			inputPaths = (
				"${PODS_PODFILE_DIR_PATH}/Podfile.lock",
				"${PODS_ROOT}/Manifest.lock",
			);
			name = "[CP] Check Pods Manifest.lock";
			outputFileListPaths = (
			);
			outputPaths = (
				"$(DERIVED_FILE_DIR)/Pods-my rxSwift-checkManifestLockResult.txt",
			);
			runOnlyForDeploymentPostprocessing = 0;
			shellPath = /bin/sh;
			shellScript = "diff \"${PODS_PODFILE_DIR_PATH}/Podfile.lock\" \"${PODS_ROOT}/Manifest.lock\" > /dev/null\nif [ $? != 0 ] ; then\n    # print error to STDERR\n    echo \"error: The sandbox is not in sync with the Podfile.lock. Run 'pod install' or update your CocoaPods installation.\" >&2\n    exit 1\nfi\n# This output is used by Xcode 'outputs' to avoid re-running this script phase.\necho \"SUCCESS\" > \"${SCRIPT_OUTPUT_FILE_0}\"\n";
			showEnvVarsInLog = 0;
		};
/* End PBXShellScriptBuildPhase section */

/* Begin PBXSourcesBuildPhase section */
		913FA261230796B500A6337D /* Sources */ = {
			isa = PBXSourcesBuildPhase;
			buildActionMask = 2147483647;
			files = (
				913FA26B230796B500A6337D /* ViewController.swift in Sources */,
				913FA269230796B500A6337D /* AppDelegate.swift in Sources */,
			);
			runOnlyForDeploymentPostprocessing = 0;
		};
/* End PBXSourcesBuildPhase section */

/* Begin PBXVariantGroup section */
		913FA26C230796B500A6337D /* Main.storyboard */ = {
			isa = PBXVariantGroup;
			children = (
				913FA26D230796B500A6337D /* Base */,
			);
			name = Main.storyboard;
			sourceTree = "<group>";
		};
		913FA271230796B600A6337D /* LaunchScreen.storyboard */ = {
			isa = PBXVariantGroup;
			children = (
				913FA272230796B600A6337D /* Base */,
			);
			name = LaunchScreen.storyboard;
			sourceTree = "<group>";
		};
/* End PBXVariantGroup section */

/* Begin XCBuildConfiguration section */
		913FA275230796B600A6337D /* Debug */ = {
			isa = XCBuildConfiguration;
			buildSettings = {
				ALWAYS_SEARCH_USER_PATHS = NO;
				CLANG_ANALYZER_NONNULL = YES;
				CLANG_ANALYZER_NUMBER_OBJECT_CONVERSION = YES_AGGRESSIVE;
				CLANG_CXX_LANGUAGE_STANDARD = "gnu++14";
				CLANG_CXX_LIBRARY = "libc++";
				CLANG_ENABLE_MODULES = YES;
				CLANG_ENABLE_OBJC_ARC = YES;
				CLANG_ENABLE_OBJC_WEAK = YES;
				CLANG_WARN_BLOCK_CAPTURE_AUTORELEASING = YES;
				CLANG_WARN_BOOL_CONVERSION = YES;
				CLANG_WARN_COMMA = YES;
				CLANG_WARN_CONSTANT_CONVERSION = YES;
				CLANG_WARN_DEPRECATED_OBJC_IMPLEMENTATIONS = YES;
				CLANG_WARN_DIRECT_OBJC_ISA_USAGE = YES_ERROR;
				CLANG_WARN_DOCUMENTATION_COMMENTS = YES;
				CLANG_WARN_EMPTY_BODY = YES;
				CLANG_WARN_ENUM_CONVERSION = YES;
				CLANG_WARN_INFINITE_RECURSION = YES;
				CLANG_WARN_INT_CONVERSION = YES;
				CLANG_WARN_NON_LITERAL_NULL_CONVERSION = YES;
				CLANG_WARN_OBJC_IMPLICIT_RETAIN_SELF = YES;
				CLANG_WARN_OBJC_LITERAL_CONVERSION = YES;
				CLANG_WARN_OBJC_ROOT_CLASS = YES_ERROR;
				CLANG_WARN_RANGE_LOOP_ANALYSIS = YES;
				CLANG_WARN_STRICT_PROTOTYPES = YES;
				CLANG_WARN_SUSPICIOUS_MOVE = YES;
				CLANG_WARN_UNGUARDED_AVAILABILITY = YES_AGGRESSIVE;
				CLANG_WARN_UNREACHABLE_CODE = YES;
				CLANG_WARN__DUPLICATE_METHOD_MATCH = YES;
				CODE_SIGN_IDENTITY = "iPhone Developer";
				COPY_PHASE_STRIP = NO;
				DEBUG_INFORMATION_FORMAT = dwarf;
				ENABLE_STRICT_OBJC_MSGSEND = YES;
				ENABLE_TESTABILITY = YES;
				GCC_C_LANGUAGE_STANDARD = gnu11;
				GCC_DYNAMIC_NO_PIC = NO;
				GCC_NO_COMMON_BLOCKS = YES;
				GCC_OPTIMIZATION_LEVEL = 0;
				GCC_PREPROCESSOR_DEFINITIONS = (
					"DEBUG=1",
					"$(inherited)",
				);
				GCC_WARN_64_TO_32_BIT_CONVERSION = YES;
				GCC_WARN_ABOUT_RETURN_TYPE = YES_ERROR;
				GCC_WARN_UNDECLARED_SELECTOR = YES;
				GCC_WARN_UNINITIALIZED_AUTOS = YES_AGGRESSIVE;
				GCC_WARN_UNUSED_FUNCTION = YES;
				GCC_WARN_UNUSED_VARIABLE = YES;
				IPHONEOS_DEPLOYMENT_TARGET = 12.4;
				MTL_ENABLE_DEBUG_INFO = INCLUDE_SOURCE;
				MTL_FAST_MATH = YES;
				ONLY_ACTIVE_ARCH = YES;
				SDKROOT = iphoneos;
				SWIFT_ACTIVE_COMPILATION_CONDITIONS = DEBUG;
				SWIFT_OPTIMIZATION_LEVEL = "-Onone";
			};
			name = Debug;
		};
		913FA276230796B600A6337D /* Release */ = {
			isa = XCBuildConfiguration;
			buildSettings = {
				ALWAYS_SEARCH_USER_PATHS = NO;
				CLANG_ANALYZER_NONNULL = YES;
				CLANG_ANALYZER_NUMBER_OBJECT_CONVERSION = YES_AGGRESSIVE;
				CLANG_CXX_LANGUAGE_STANDARD = "gnu++14";
				CLANG_CXX_LIBRARY = "libc++";
				CLANG_ENABLE_MODULES = YES;
				CLANG_ENABLE_OBJC_ARC = YES;
				CLANG_ENABLE_OBJC_WEAK = YES;
				CLANG_WARN_BLOCK_CAPTURE_AUTORELEASING = YES;
				CLANG_WARN_BOOL_CONVERSION = YES;
				CLANG_WARN_COMMA = YES;
				CLANG_WARN_CONSTANT_CONVERSION = YES;
				CLANG_WARN_DEPRECATED_OBJC_IMPLEMENTATIONS = YES;
				CLANG_WARN_DIRECT_OBJC_ISA_USAGE = YES_ERROR;
				CLANG_WARN_DOCUMENTATION_COMMENTS = YES;
				CLANG_WARN_EMPTY_BODY = YES;
				CLANG_WARN_ENUM_CONVERSION = YES;
				CLANG_WARN_INFINITE_RECURSION = YES;
				CLANG_WARN_INT_CONVERSION = YES;
				CLANG_WARN_NON_LITERAL_NULL_CONVERSION = YES;
				CLANG_WARN_OBJC_IMPLICIT_RETAIN_SELF = YES;
				CLANG_WARN_OBJC_LITERAL_CONVERSION = YES;
				CLANG_WARN_OBJC_ROOT_CLASS = YES_ERROR;
				CLANG_WARN_RANGE_LOOP_ANALYSIS = YES;
				CLANG_WARN_STRICT_PROTOTYPES = YES;
				CLANG_WARN_SUSPICIOUS_MOVE = YES;
				CLANG_WARN_UNGUARDED_AVAILABILITY = YES_AGGRESSIVE;
				CLANG_WARN_UNREACHABLE_CODE = YES;
				CLANG_WARN__DUPLICATE_METHOD_MATCH = YES;
				CODE_SIGN_IDENTITY = "iPhone Developer";
				COPY_PHASE_STRIP = NO;
				DEBUG_INFORMATION_FORMAT = "dwarf-with-dsym";
				ENABLE_NS_ASSERTIONS = NO;
				ENABLE_STRICT_OBJC_MSGSEND = YES;
				GCC_C_LANGUAGE_STANDARD = gnu11;
				GCC_NO_COMMON_BLOCKS = YES;
				GCC_WARN_64_TO_32_BIT_CONVERSION = YES;
				GCC_WARN_ABOUT_RETURN_TYPE = YES_ERROR;
				GCC_WARN_UNDECLARED_SELECTOR = YES;
				GCC_WARN_UNINITIALIZED_AUTOS = YES_AGGRESSIVE;
				GCC_WARN_UNUSED_FUNCTION = YES;
				GCC_WARN_UNUSED_VARIABLE = YES;
				IPHONEOS_DEPLOYMENT_TARGET = 12.4;
				MTL_ENABLE_DEBUG_INFO = NO;
				MTL_FAST_MATH = YES;
				SDKROOT = iphoneos;
				SWIFT_COMPILATION_MODE = wholemodule;
				SWIFT_OPTIMIZATION_LEVEL = "-O";
				VALIDATE_PRODUCT = YES;
			};
			name = Release;
		};
		913FA278230796B600A6337D /* Debug */ = {
			isa = XCBuildConfiguration;
			baseConfigurationReference = 73155CF9D70B5A59BA4FE0E4 /* Pods-my rxSwift.debug.xcconfig */;
			buildSettings = {
				ASSETCATALOG_COMPILER_APPICON_NAME = AppIcon;
				CODE_SIGN_STYLE = Automatic;
				DEVELOPMENT_TEAM = UFL2CW6546;
				INFOPLIST_FILE = "my rxSwift/Info.plist";
				LD_RUNPATH_SEARCH_PATHS = (
					"$(inherited)",
					"@executable_path/Frameworks",
				);
				PRODUCT_BUNDLE_IDENTIFIER = "org.yongwoo.my-rxSwift";
				PRODUCT_NAME = "$(TARGET_NAME)";
				SWIFT_VERSION = 5.0;
				TARGETED_DEVICE_FAMILY = "1,2";
			};
			name = Debug;
		};
		913FA279230796B600A6337D /* Release */ = {
			isa = XCBuildConfiguration;
			baseConfigurationReference = E23C5E017FE5CDD1CB703F6B /* Pods-my rxSwift.release.xcconfig */;
			buildSettings = {
				ASSETCATALOG_COMPILER_APPICON_NAME = AppIcon;
				CODE_SIGN_STYLE = Automatic;
				DEVELOPMENT_TEAM = UFL2CW6546;
				INFOPLIST_FILE = "my rxSwift/Info.plist";
				LD_RUNPATH_SEARCH_PATHS = (
					"$(inherited)",
					"@executable_path/Frameworks",
				);
				PRODUCT_BUNDLE_IDENTIFIER = "org.yongwoo.my-rxSwift";
				PRODUCT_NAME = "$(TARGET_NAME)";
				SWIFT_VERSION = 5.0;
				TARGETED_DEVICE_FAMILY = "1,2";
			};
			name = Release;
		};
/* End XCBuildConfiguration section */

/* Begin XCConfigurationList section */
		913FA260230796B500A6337D /* Build configuration list for PBXProject "my rxSwift" */ = {
			isa = XCConfigurationList;
			buildConfigurations = (
				913FA275230796B600A6337D /* Debug */,
				913FA276230796B600A6337D /* Release */,
			);
			defaultConfigurationIsVisible = 0;
			defaultConfigurationName = Release;
		};
		913FA277230796B600A6337D /* Build configuration list for PBXNativeTarget "my rxSwift" */ = {
			isa = XCConfigurationList;
			buildConfigurations = (
				913FA278230796B600A6337D /* Debug */,
				913FA279230796B600A6337D /* Release */,
			);
			defaultConfigurationIsVisible = 0;
			defaultConfigurationName = Release;
		};
/* End XCConfigurationList section */
	};
	rootObject = 913FA25D230796B400A6337D /* Project object */;
}
